
Microsoft Visual Studio Solution File, Format Version 12.00
# Visual Studio Version 16
VisualStudioVersion = 16.0.31624.102
MinimumVisualStudioVersion = 10.0.40219.1
Project("{FAE04EC0-301F-11D3-BF4B-00C04F79EFBC}") = "Car Dealer v2.0", "Car Dealer v2.0\Car Dealer v2.0.csproj", "{C2C90008-134E-488F-B03A-347392E4A09E}"
EndProject
Global
	GlobalSection(SolutionConfigurationPlatforms) = preSolution
		Debug|Any CPU = Debug|Any CPU
		Release|Any CPU = Release|Any CPU
	EndGlobalSection
	GlobalSection(ProjectConfigurationPlatforms) = postSolution
		{C2C90008-134E-488F-B03A-347392E4A09E}.Debug|Any CPU.ActiveCfg = Debug|Any CPU
		{C2C90008-134E-488F-B03A-347392E4A09E}.Debug|Any CPU.Build.0 = Debug|Any CPU
		{C2C90008-134E-488F-B03A-347392E4A09E}.Release|Any CPU.ActiveCfg = Release|Any CPU
		{C2C90008-134E-488F-B03A-347392E4A09E}.Release|Any CPU.Build.0 = Release|Any CPU
	EndGlobalSection
	GlobalSection(SolutionProperties) = preSolution
		HideSolutionNode = FALSE
	EndGlobalSection
	GlobalSection(ExtensibilityGlobals) = postSolution
		SolutionGuid = {01D081F0-FF4E-4253-8E25-25CB05A452B2}
	EndGlobalSection
EndGlobal
